# THIS IS AN AUTOGENERATED FILE. DO NOT EDIT THIS FILE DIRECTLY.
# yarn lockfile v1


argparse@^1.0.7:
  version "1.0.10"
  resolved "https://registry.yarnpkg.com/argparse/-/argparse-1.0.10.tgz#bcd6791ea5ae09725e17e5ad988134cd40b3d911"
  dependencies:
    sprintf-js "~1.0.2"

docopt@~0.6.2:
  version "0.6.2"
  resolved "https://registry.yarnpkg.com/docopt/-/docopt-0.6.2.tgz#b28e9e2220da5ec49f7ea5bb24a47787405eeb11"

dot-json@^1.0.4:
  version "1.0.4"
  resolved "https://registry.yarnpkg.com/dot-json/-/dot-json-1.0.4.tgz#b5c5818eb526a7917ac02df017fe9fba37b11195"
  dependencies:
    docopt "~0.6.2"
    underscore-keypath "~0.0.22"

esprima@^4.0.0:
  version "4.0.0"
  resolved "https://registry.yarnpkg.com/esprima/-/esprima-4.0.0.tgz#4499eddcd1110e0b218bacf2fa7f7f59f55ca804"

js-yaml@^3.11.0:
  version "3.11.0"
  resolved "https://registry.yarnpkg.com/js-yaml/-/js-yaml-3.11.0.tgz#597c1a8bd57152f26d622ce4117851a51f5ebaef"
  dependencies:
    argparse "^1.0.7"
    esprima "^4.0.0"

minimist@0.0.8:
  version "0.0.8"
  resolved "https://registry.yarnpkg.com/minimist/-/minimist-0.0.8.tgz#857fcabfc3397d2625b8228262e86aa7a011b05d"

mkdirp@^0.5.1:
  version "0.5.1"
  resolved "https://registry.yarnpkg.com/mkdirp/-/mkdirp-0.5.1.tgz#30057438eac6cf7f8c4767f38648d6697d75c903"
  dependencies:
    minimist "0.0.8"

sprintf-js@~1.0.2:
  version "1.0.3"
  resolved "https://registry.yarnpkg.com/sprintf-js/-/sprintf-js-1.0.3.tgz#04e6926f662895354f3dd015203633b857297e2c"

underscore-keypath@~0.0.22:
  version "0.0.22"
  resolved "https://registry.yarnpkg.com/underscore-keypath/-/underscore-keypath-0.0.22.tgz#48a528392bb6efc424be1caa56da4b5faccf264d"
  dependencies:
    underscore "*"

underscore@*:
  version "1.9.0"
  resolved "https://registry.yarnpkg.com/underscore/-/underscore-1.9.0.tgz#31dbb314cfcc88f169cd3692d9149d81a00a73e4"
